
Microsoft Visual Studio Solution File, Format Version 12.00
# Visual Studio 15
VisualStudioVersion = 15.0.28306.52
MinimumVisualStudioVersion = 10.0.40219.1
Project("{FAE04EC0-301F-11D3-BF4B-00C04F79EFBC}") = "ClientGUI", "..\..\ClientGUI\ClientGUI\ClientGUI.csproj", "{22584667-6AF5-47E9-87F7-DD3D2F6A73EE}"
EndProject
Project("{FAE04EC0-301F-11D3-BF4B-00C04F79EFBC}") = "DemoExecutive", "DemoExecutive\DemoExecutive.csproj", "{62FB6312-B271-4EA4-AF6F-80F3404EDACC}"
EndProject
Project("{FAE04EC0-301F-11D3-BF4B-00C04F79EFBC}") = "DepAnalysis", "DepAnalysis\DepAnalysis.csproj", "{CFE6072A-9A6B-4142-B90E-AEC658BD000D}"
EndProject
Project("{FAE04EC0-301F-11D3-BF4B-00C04F79EFBC}") = "Display", "Display\Display.csproj", "{7F6AEE33-E7E5-4B83-B505-8BE313DEFEB2}"
EndProject
Project("{FAE04EC0-301F-11D3-BF4B-00C04F79EFBC}") = "FileMgr", "FileMgr\FileMgr.csproj", "{5F6E83AA-9D11-44D0-BA97-206619985C01}"
EndProject
Project("{FAE04EC0-301F-11D3-BF4B-00C04F79EFBC}") = "Graph", "Graph\Graph.csproj", "{35DCA3DD-DCEB-4B1D-9121-DBCAC08104A4}"
EndProject
Project("{FAE04EC0-301F-11D3-BF4B-00C04F79EFBC}") = "Repository", "Repository\Repository.csproj", "{8DDF118E-6886-4C90-B92E-C8486D4F7F46}"
EndProject
Project("{FAE04EC0-301F-11D3-BF4B-00C04F79EFBC}") = "SemiExp", "SemiExp\SemiExp.csproj", "{8CD2F63B-9294-43BB-9F60-4FA966EBC48C}"
EndProject
Project("{FAE04EC0-301F-11D3-BF4B-00C04F79EFBC}") = "StrongComponentAlys", "StrongComponentAlys\StrongComponentAlys.csproj", "{D88AE52D-5CB0-4E93-B7D5-EBF7070BFDC8}"
EndProject
Project("{FAE04EC0-301F-11D3-BF4B-00C04F79EFBC}") = "TestHarness", "TestHarness\TestHarness.csproj", "{36CDE84A-9781-4279-981F-C4F91C2E78D6}"
EndProject
Project("{FAE04EC0-301F-11D3-BF4B-00C04F79EFBC}") = "Toker", "Toker\Toker.csproj", "{4412581D-6195-495A-B65E-5A44E549E0C5}"
EndProject
Project("{FAE04EC0-301F-11D3-BF4B-00C04F79EFBC}") = "TypeAnalysis", "TypeAnalysis\TypeAnalysis.csproj", "{AEAB7623-6F4A-47BF-985B-50BEF3F18328}"
EndProject
Project("{FAE04EC0-301F-11D3-BF4B-00C04F79EFBC}") = "TypeTable", "TypeTable\TypeTable.csproj", "{1DBE18A3-2B85-4465-8C99-C6101FC9979A}"
EndProject
Project("{2150E333-8FDC-42A3-9474-1A3956D46DE8}") = "DepAnalyzer", "DepAnalyzer", "{578BB742-80B9-4CDF-8249-368DE2BBFC5A}"
EndProject
Project("{2150E333-8FDC-42A3-9474-1A3956D46DE8}") = "Server_Client", "Server_Client", "{5A9DC24E-399C-4A97-A0D6-A35849C15181}"
EndProject
Project("{FAE04EC0-301F-11D3-BF4B-00C04F79EFBC}") = "Environment", "Environment\Environment.csproj", "{73A22A67-D989-4C49-B109-EE1CC7917094}"
EndProject
Project("{FAE04EC0-301F-11D3-BF4B-00C04F79EFBC}") = "IMessagePassingCommService", "IMessagePassingCommService\IMessagePassingCommService.csproj", "{7D2C285E-9231-443E-99F1-7771B141C8F0}"
EndProject
Project("{FAE04EC0-301F-11D3-BF4B-00C04F79EFBC}") = "MessagePassingCommService", "MessagePassingCommService\MessagePassingCommService.csproj", "{6A9DF216-52D2-4E9C-BE52-872DC211FCAE}"
EndProject
Global
	GlobalSection(SolutionConfigurationPlatforms) = preSolution
		Debug|Any CPU = Debug|Any CPU
		Release|Any CPU = Release|Any CPU
	EndGlobalSection
	GlobalSection(ProjectConfigurationPlatforms) = postSolution
		{22584667-6AF5-47E9-87F7-DD3D2F6A73EE}.Debug|Any CPU.ActiveCfg = Debug|Any CPU
		{22584667-6AF5-47E9-87F7-DD3D2F6A73EE}.Debug|Any CPU.Build.0 = Debug|Any CPU
		{22584667-6AF5-47E9-87F7-DD3D2F6A73EE}.Release|Any CPU.ActiveCfg = Release|Any CPU
		{22584667-6AF5-47E9-87F7-DD3D2F6A73EE}.Release|Any CPU.Build.0 = Release|Any CPU
		{62FB6312-B271-4EA4-AF6F-80F3404EDACC}.Debug|Any CPU.ActiveCfg = Debug|Any CPU
		{62FB6312-B271-4EA4-AF6F-80F3404EDACC}.Debug|Any CPU.Build.0 = Debug|Any CPU
		{62FB6312-B271-4EA4-AF6F-80F3404EDACC}.Release|Any CPU.ActiveCfg = Release|Any CPU
		{62FB6312-B271-4EA4-AF6F-80F3404EDACC}.Release|Any CPU.Build.0 = Release|Any CPU
		{CFE6072A-9A6B-4142-B90E-AEC658BD000D}.Debug|Any CPU.ActiveCfg = Debug|Any CPU
		{CFE6072A-9A6B-4142-B90E-AEC658BD000D}.Debug|Any CPU.Build.0 = Debug|Any CPU
		{CFE6072A-9A6B-4142-B90E-AEC658BD000D}.Release|Any CPU.ActiveCfg = Release|Any CPU
		{CFE6072A-9A6B-4142-B90E-AEC658BD000D}.Release|Any CPU.Build.0 = Release|Any CPU
		{7F6AEE33-E7E5-4B83-B505-8BE313DEFEB2}.Debug|Any CPU.ActiveCfg = Debug|Any CPU
		{7F6AEE33-E7E5-4B83-B505-8BE313DEFEB2}.Debug|Any CPU.Build.0 = Debug|Any CPU
		{7F6AEE33-E7E5-4B83-B505-8BE313DEFEB2}.Release|Any CPU.ActiveCfg = Release|Any CPU
		{7F6AEE33-E7E5-4B83-B505-8BE313DEFEB2}.Release|Any CPU.Build.0 = Release|Any CPU
		{5F6E83AA-9D11-44D0-BA97-206619985C01}.Debug|Any CPU.ActiveCfg = Debug|Any CPU
		{5F6E83AA-9D11-44D0-BA97-206619985C01}.Debug|Any CPU.Build.0 = Debug|Any CPU
		{5F6E83AA-9D11-44D0-BA97-206619985C01}.Release|Any CPU.ActiveCfg = Release|Any CPU
		{5F6E83AA-9D11-44D0-BA97-206619985C01}.Release|Any CPU.Build.0 = Release|Any CPU
		{35DCA3DD-DCEB-4B1D-9121-DBCAC08104A4}.Debug|Any CPU.ActiveCfg = Debug|Any CPU
		{35DCA3DD-DCEB-4B1D-9121-DBCAC08104A4}.Debug|Any CPU.Build.0 = Debug|Any CPU
		{35DCA3DD-DCEB-4B1D-9121-DBCAC08104A4}.Release|Any CPU.ActiveCfg = Release|Any CPU
		{35DCA3DD-DCEB-4B1D-9121-DBCAC08104A4}.Release|Any CPU.Build.0 = Release|Any CPU
		{8DDF118E-6886-4C90-B92E-C8486D4F7F46}.Debug|Any CPU.ActiveCfg = Debug|Any CPU
		{8DDF118E-6886-4C90-B92E-C8486D4F7F46}.Debug|Any CPU.Build.0 = Debug|Any CPU
		{8DDF118E-6886-4C90-B92E-C8486D4F7F46}.Release|Any CPU.ActiveCfg = Release|Any CPU
		{8DDF118E-6886-4C90-B92E-C8486D4F7F46}.Release|Any CPU.Build.0 = Release|Any CPU
		{8CD2F63B-9294-43BB-9F60-4FA966EBC48C}.Debug|Any CPU.ActiveCfg = Debug|Any CPU
		{8CD2F63B-9294-43BB-9F60-4FA966EBC48C}.Debug|Any CPU.Build.0 = Debug|Any CPU
		{8CD2F63B-9294-43BB-9F60-4FA966EBC48C}.Release|Any CPU.ActiveCfg = Release|Any CPU
		{8CD2F63B-9294-43BB-9F60-4FA966EBC48C}.Release|Any CPU.Build.0 = Release|Any CPU
		{D88AE52D-5CB0-4E93-B7D5-EBF7070BFDC8}.Debug|Any CPU.ActiveCfg = Debug|Any CPU
		{D88AE52D-5CB0-4E93-B7D5-EBF7070BFDC8}.Debug|Any CPU.Build.0 = Debug|Any CPU
		{D88AE52D-5CB0-4E93-B7D5-EBF7070BFDC8}.Release|Any CPU.ActiveCfg = Release|Any CPU
		{D88AE52D-5CB0-4E93-B7D5-EBF7070BFDC8}.Release|Any CPU.Build.0 = Release|Any CPU
		{36CDE84A-9781-4279-981F-C4F91C2E78D6}.Debug|Any CPU.ActiveCfg = Debug|Any CPU
		{36CDE84A-9781-4279-981F-C4F91C2E78D6}.Debug|Any CPU.Build.0 = Debug|Any CPU
		{36CDE84A-9781-4279-981F-C4F91C2E78D6}.Release|Any CPU.ActiveCfg = Release|Any CPU
		{36CDE84A-9781-4279-981F-C4F91C2E78D6}.Release|Any CPU.Build.0 = Release|Any CPU
		{4412581D-6195-495A-B65E-5A44E549E0C5}.Debug|Any CPU.ActiveCfg = Debug|Any CPU
		{4412581D-6195-495A-B65E-5A44E549E0C5}.Debug|Any CPU.Build.0 = Debug|Any CPU
		{4412581D-6195-495A-B65E-5A44E549E0C5}.Release|Any CPU.ActiveCfg = Release|Any CPU
		{4412581D-6195-495A-B65E-5A44E549E0C5}.Release|Any CPU.Build.0 = Release|Any CPU
		{AEAB7623-6F4A-47BF-985B-50BEF3F18328}.Debug|Any CPU.ActiveCfg = Debug|Any CPU
		{AEAB7623-6F4A-47BF-985B-50BEF3F18328}.Debug|Any CPU.Build.0 = Debug|Any CPU
		{AEAB7623-6F4A-47BF-985B-50BEF3F18328}.Release|Any CPU.ActiveCfg = Release|Any CPU
		{AEAB7623-6F4A-47BF-985B-50BEF3F18328}.Release|Any CPU.Build.0 = Release|Any CPU
		{1DBE18A3-2B85-4465-8C99-C6101FC9979A}.Debug|Any CPU.ActiveCfg = Debug|Any CPU
		{1DBE18A3-2B85-4465-8C99-C6101FC9979A}.Debug|Any CPU.Build.0 = Debug|Any CPU
		{1DBE18A3-2B85-4465-8C99-C6101FC9979A}.Release|Any CPU.ActiveCfg = Release|Any CPU
		{1DBE18A3-2B85-4465-8C99-C6101FC9979A}.Release|Any CPU.Build.0 = Release|Any CPU
		{73A22A67-D989-4C49-B109-EE1CC7917094}.Debug|Any CPU.ActiveCfg = Debug|Any CPU
		{73A22A67-D989-4C49-B109-EE1CC7917094}.Debug|Any CPU.Build.0 = Debug|Any CPU
		{73A22A67-D989-4C49-B109-EE1CC7917094}.Release|Any CPU.ActiveCfg = Release|Any CPU
		{73A22A67-D989-4C49-B109-EE1CC7917094}.Release|Any CPU.Build.0 = Release|Any CPU
		{7D2C285E-9231-443E-99F1-7771B141C8F0}.Debug|Any CPU.ActiveCfg = Debug|Any CPU
		{7D2C285E-9231-443E-99F1-7771B141C8F0}.Debug|Any CPU.Build.0 = Debug|Any CPU
		{7D2C285E-9231-443E-99F1-7771B141C8F0}.Release|Any CPU.ActiveCfg = Release|Any CPU
		{7D2C285E-9231-443E-99F1-7771B141C8F0}.Release|Any CPU.Build.0 = Release|Any CPU
		{6A9DF216-52D2-4E9C-BE52-872DC211FCAE}.Debug|Any CPU.ActiveCfg = Debug|Any CPU
		{6A9DF216-52D2-4E9C-BE52-872DC211FCAE}.Debug|Any CPU.Build.0 = Debug|Any CPU
		{6A9DF216-52D2-4E9C-BE52-872DC211FCAE}.Release|Any CPU.ActiveCfg = Release|Any CPU
		{6A9DF216-52D2-4E9C-BE52-872DC211FCAE}.Release|Any CPU.Build.0 = Release|Any CPU
	EndGlobalSection
	GlobalSection(SolutionProperties) = preSolution
		HideSolutionNode = FALSE
	EndGlobalSection
	GlobalSection(NestedProjects) = preSolution
		{22584667-6AF5-47E9-87F7-DD3D2F6A73EE} = {5A9DC24E-399C-4A97-A0D6-A35849C15181}
		{62FB6312-B271-4EA4-AF6F-80F3404EDACC} = {578BB742-80B9-4CDF-8249-368DE2BBFC5A}
		{CFE6072A-9A6B-4142-B90E-AEC658BD000D} = {578BB742-80B9-4CDF-8249-368DE2BBFC5A}
		{7F6AEE33-E7E5-4B83-B505-8BE313DEFEB2} = {578BB742-80B9-4CDF-8249-368DE2BBFC5A}
		{5F6E83AA-9D11-44D0-BA97-206619985C01} = {578BB742-80B9-4CDF-8249-368DE2BBFC5A}
		{35DCA3DD-DCEB-4B1D-9121-DBCAC08104A4} = {578BB742-80B9-4CDF-8249-368DE2BBFC5A}
		{8DDF118E-6886-4C90-B92E-C8486D4F7F46} = {578BB742-80B9-4CDF-8249-368DE2BBFC5A}
		{8CD2F63B-9294-43BB-9F60-4FA966EBC48C} = {578BB742-80B9-4CDF-8249-368DE2BBFC5A}
		{D88AE52D-5CB0-4E93-B7D5-EBF7070BFDC8} = {578BB742-80B9-4CDF-8249-368DE2BBFC5A}
		{36CDE84A-9781-4279-981F-C4F91C2E78D6} = {578BB742-80B9-4CDF-8249-368DE2BBFC5A}
		{4412581D-6195-495A-B65E-5A44E549E0C5} = {578BB742-80B9-4CDF-8249-368DE2BBFC5A}
		{AEAB7623-6F4A-47BF-985B-50BEF3F18328} = {578BB742-80B9-4CDF-8249-368DE2BBFC5A}
		{1DBE18A3-2B85-4465-8C99-C6101FC9979A} = {578BB742-80B9-4CDF-8249-368DE2BBFC5A}
		{73A22A67-D989-4C49-B109-EE1CC7917094} = {5A9DC24E-399C-4A97-A0D6-A35849C15181}
		{7D2C285E-9231-443E-99F1-7771B141C8F0} = {5A9DC24E-399C-4A97-A0D6-A35849C15181}
		{6A9DF216-52D2-4E9C-BE52-872DC211FCAE} = {5A9DC24E-399C-4A97-A0D6-A35849C15181}
	EndGlobalSection
	GlobalSection(ExtensibilityGlobals) = postSolution
		SolutionGuid = {5074FF8D-CFF5-4DF6-868C-EE4B0F54B996}
	EndGlobalSection
EndGlobal
