
Microsoft Visual Studio Solution File, Format Version 12.00
# Visual Studio 15
VisualStudioVersion = 15.0.26730.16
MinimumVisualStudioVersion = 10.0.40219.1
Project("{FAE04EC0-301F-11D3-BF4B-00C04F79EFBC}") = "IMessagePassingCommService", "IService\IMessagePassingCommService.csproj", "{7D2C285E-9231-443E-99F1-7771B141C8F0}"
EndProject
Project("{FAE04EC0-301F-11D3-BF4B-00C04F79EFBC}") = "TestUtilities", "TestUtilities\TestUtilities.csproj", "{BF6A68CE-EF4E-40E4-AF2E-CE9BF2B6CFED}"
EndProject
Project("{2150E333-8FDC-42A3-9474-1A3956D46DE8}") = "Solution Items", "Solution Items", "{528F0B7D-D6E7-44AD-914C-13A1ED452D26}"
	ProjectSection(SolutionItems) = preProject
		BuildInstructions.txt = BuildInstructions.txt
		ToDo.txt = ToDo.txt
	EndProjectSection
EndProject
Project("{FAE04EC0-301F-11D3-BF4B-00C04F79EFBC}") = "MessagePassingCommService", "MessagePassingCommService\MessagePassingCommService.csproj", "{6A9DF216-52D2-4E9C-BE52-872DC211FCAE}"
EndProject
Global
	GlobalSection(SolutionConfigurationPlatforms) = preSolution
		Debug|Any CPU = Debug|Any CPU
		Release|Any CPU = Release|Any CPU
	EndGlobalSection
	GlobalSection(ProjectConfigurationPlatforms) = postSolution
		{7D2C285E-9231-443E-99F1-7771B141C8F0}.Debug|Any CPU.ActiveCfg = Debug|Any CPU
		{7D2C285E-9231-443E-99F1-7771B141C8F0}.Debug|Any CPU.Build.0 = Debug|Any CPU
		{7D2C285E-9231-443E-99F1-7771B141C8F0}.Release|Any CPU.ActiveCfg = Release|Any CPU
		{7D2C285E-9231-443E-99F1-7771B141C8F0}.Release|Any CPU.Build.0 = Release|Any CPU
		{BF6A68CE-EF4E-40E4-AF2E-CE9BF2B6CFED}.Debug|Any CPU.ActiveCfg = Debug|Any CPU
		{BF6A68CE-EF4E-40E4-AF2E-CE9BF2B6CFED}.Debug|Any CPU.Build.0 = Debug|Any CPU
		{BF6A68CE-EF4E-40E4-AF2E-CE9BF2B6CFED}.Release|Any CPU.ActiveCfg = Release|Any CPU
		{BF6A68CE-EF4E-40E4-AF2E-CE9BF2B6CFED}.Release|Any CPU.Build.0 = Release|Any CPU
		{6A9DF216-52D2-4E9C-BE52-872DC211FCAE}.Debug|Any CPU.ActiveCfg = Debug|Any CPU
		{6A9DF216-52D2-4E9C-BE52-872DC211FCAE}.Debug|Any CPU.Build.0 = Debug|Any CPU
		{6A9DF216-52D2-4E9C-BE52-872DC211FCAE}.Release|Any CPU.ActiveCfg = Release|Any CPU
		{6A9DF216-52D2-4E9C-BE52-872DC211FCAE}.Release|Any CPU.Build.0 = Release|Any CPU
	EndGlobalSection
	GlobalSection(SolutionProperties) = preSolution
		HideSolutionNode = FALSE
	EndGlobalSection
	GlobalSection(ExtensibilityGlobals) = postSolution
		SolutionGuid = {26E301FF-00A6-4E31-874A-276BEDF7D0DA}
	EndGlobalSection
EndGlobal
